{
  "name": "example",
  "lockfileVersion": 3,
  "requires": true,
  "packages": {
    "": {
      "dependencies": {
        "compute-scroll-into-view": "^2.0.0",
        "react": "^17.0.0",
        "scroll-into-view-if-needed": "^1.0.0"
      }
    },
    "node_modules/amator": {
      "version": "1.0.1",
      "resolved": "https://registry.npmjs.org/amator/-/amator-1.0.1.tgz",
      "integrity": "sha512-Ijp/QQCWqEIKI3fUR3vT0nQf3gViyE/juZ2hIpG+5Yh1S4UYI1pnfJXl4Vs5D6R1ycEm/bHnCfjFIq52F5FdVg==",
      "dependencies": {
        "bezier-easing": "^2.0.3"
      }
    },
    "node_modules/bezier-easing": {
      "version": "2.1.0",
      "resolved": "https://registry.npmjs.org/bezier-easing/-/bezier-easing-2.1.0.tgz",
      "integrity": "sha512-gbIqZ/eslnUFC1tjEvtz0sgx+xTK20wDnYMIA27VA04R7w6xxXQPZDbibjA9DTWZRA2CXtwHykkVzlCaAJAZig=="
    },
    "node_modules/compute-scroll-into-view": {
      "version": "2.0.4",
      "resolved": "https://registry.npmjs.org/compute-scroll-into-view/-/compute-scroll-into-view-2.0.4.tgz",
      "integrity": "sha512-y/ZA3BGnxoM/QHHQ2Uy49CLtnWPbt4tTPpEEZiEmmiWBFKjej7nEyH8Ryz54jH0MLXflUYA3Er2zUxPSJu5R+g=="
    },
    "node_modules/js-tokens": {
      "version": "4.0.0",
      "resolved": "https://registry.npmjs.org/js-tokens/-/js-tokens-4.0.0.tgz",
      "integrity": "sha512-RdJUflcE3cUzKiMqQgsCu06FPu9UdIJO0beYbPhHN4k6apgJtifcoCtT9bcxOpYBtpD2kCM6Sbzg4CausW/PKQ=="
    },
    "node_modules/loose-envify": {
      "version": "1.4.0",
      "resolved": "https://registry.npmjs.org/loose-envify/-/loose-envify-1.4.0.tgz",
      "integrity": "sha512-lyuxPGr/Wfhrlem2CL/UcnUc1zcqKAImBDzukY7Y5F/yQiNdko6+fRLevlw1HgMySw7f611UIY408EtxRSoK3Q==",
      "dependencies": {
        "js-tokens": "^3.0.0 || ^4.0.0"
      },
      "bin": {
        "loose-envify": "cli.js"
      }
    },
    "node_modules/object-assign": {
      "version": "4.1.1",
      "resolved": "https://registry.npmjs.org/object-assign/-/object-assign-4.1.1.tgz",
      "integrity": "sha512-rJgTQnkUnH1sFw8yT6VSU3zD3sWmu6sZhIseY8VX+GRu3P6F7Fu+JNDoXfklElbLJSnc3FUQHVe4cU5hj+BcUg==",
      "engines": {
        "node": ">=0.10.0"
      }
    },
    "node_modules/react": {
      "version": "17.0.2",
      "resolved": "https://registry.npmjs.org/react/-/react-17.0.2.tgz",
      "integrity": "sha512-gnhPt75i/dq/z3/6q/0asP78D0u592D5L1pd7M8P+dck6Fu/jJeL6iVVK23fptSUZj8Vjf++7wXA8UNclGQcbA==",
      "dependencies": {
        "loose-envify": "^1.1.0",
        "object-assign": "^4.1.1"
      },
      "engines": {
        "node": ">=0.10.0"
      }
    },
    "node_modules/scroll-into-view-if-needed": {
      "version": "1.5.0",
      "resolved": "https://registry.npmjs.org/scroll-into-view-if-needed/-/scroll-into-view-if-needed-1.5.0.tgz",
      "integrity": "sha512-6vTXm++xyIDkQ+O+gcmu9rp3NW61SWUdtIRhKh4uYuhcGZgClc1NJSz2C6HRNVIcL4VXIKAaOYq06cwK7Nx9Ag==",
      "dependencies": {
        "amator": "1.0.1"
      }
    }
  }
}
