{
  "name": "example",
  "lockfileVersion": 3,
  "requires": true,
  "packages": {
    "": {
      "name": "example",
      "dependencies": {
        "compute-scroll-into-view": "^2.0.3",
        "scroll-into-view-if-needed": "^2.2.30",
        "type-fest": "3.0.0"
      },
      "devDependencies": {
        "react": "^18.2.0",
        "react-dom": "^18.2.0"
      }
    },
    "node_modules/compute-scroll-into-view": {
      "version": "2.0.4",
      "resolved": "https://registry.npmjs.org/compute-scroll-into-view/-/compute-scroll-into-view-2.0.4.tgz",
      "integrity": "sha512-y/ZA3BGnxoM/QHHQ2Uy49CLtnWPbt4tTPpEEZiEmmiWBFKjej7nEyH8Ryz54jH0MLXflUYA3Er2zUxPSJu5R+g=="
    },
    "node_modules/js-tokens": {
      "version": "4.0.0",
      "resolved": "https://registry.npmjs.org/js-tokens/-/js-tokens-4.0.0.tgz",
      "integrity": "sha512-RdJUflcE3cUzKiMqQgsCu06FPu9UdIJO0beYbPhHN4k6apgJtifcoCtT9bcxOpYBtpD2kCM6Sbzg4CausW/PKQ==",
      "dev": true
    },
    "node_modules/loose-envify": {
      "version": "1.4.0",
      "resolved": "https://registry.npmjs.org/loose-envify/-/loose-envify-1.4.0.tgz",
      "integrity": "sha512-lyuxPGr/Wfhrlem2CL/UcnUc1zcqKAImBDzukY7Y5F/yQiNdko6+fRLevlw1HgMySw7f611UIY408EtxRSoK3Q==",
      "dev": true,
      "dependencies": {
        "js-tokens": "^3.0.0 || ^4.0.0"
      },
      "bin": {
        "loose-envify": "cli.js"
      }
    },
    "node_modules/react": {
      "version": "18.2.0",
      "resolved": "https://registry.npmjs.org/react/-/react-18.2.0.tgz",
      "integrity": "sha512-/3IjMdb2L9QbBdWiW5e3P2/npwMBaU9mHCSCUzNln0ZCYbcfTsGbTJrU/kGemdH2IWmB2ioZ+zkxtmq6g09fGQ==",
      "dev": true,
      "dependencies": {
        "loose-envify": "^1.1.0"
      },
      "engines": {
        "node": ">=0.10.0"
      }
    },
    "node_modules/react-dom": {
      "version": "18.2.0",
      "resolved": "https://registry.npmjs.org/react-dom/-/react-dom-18.2.0.tgz",
      "integrity": "sha512-6IMTriUmvsjHUjNtEDudZfuDQUoWXVxKHhlEGSk81n4YFS+r/Kl99wXiwlVXtPBtJenozv2P+hxDsw9eA7Xo6g==",
      "dev": true,
      "dependencies": {
        "loose-envify": "^1.1.0",
        "scheduler": "^0.23.0"
      },
      "peerDependencies": {
        "react": "^18.2.0"
      }
    },
    "node_modules/scheduler": {
      "version": "0.23.0",
      "resolved": "https://registry.npmjs.org/scheduler/-/scheduler-0.23.0.tgz",
      "integrity": "sha512-CtuThmgHNg7zIZWAXi3AsyIzA3n4xx7aNyjwC2VJldO2LMVDhFK+63xGqq6CsJH4rTAt6/M+N4GhZiDYPx9eUw==",
      "dev": true,
      "dependencies": {
        "loose-envify": "^1.1.0"
      }
    },
    "node_modules/scroll-into-view-if-needed": {
      "version": "2.2.30",
      "resolved": "https://registry.npmjs.org/scroll-into-view-if-needed/-/scroll-into-view-if-needed-2.2.30.tgz",
      "integrity": "sha512-wNXfs3Dd5SQfF7wVex3mDfDG7ScNhCi0rw+rAMXY7SPk7hDyIWF96WPwk7ljrmmRDD9UIHlHQATGKf4uxNjSyw==",
      "dependencies": {
        "compute-scroll-into-view": "^1.0.20"
      }
    },
    "node_modules/scroll-into-view-if-needed/node_modules/compute-scroll-into-view": {
      "version": "1.0.20",
      "resolved": "https://registry.npmjs.org/compute-scroll-into-view/-/compute-scroll-into-view-1.0.20.tgz",
      "integrity": "sha512-UCB0ioiyj8CRjtrvaceBLqqhZCVP+1B8+NWQhmdsm0VXOJtobBCf1dBQmebCCo34qZmUwZfIH2MZLqNHazrfjg=="
    },
    "node_modules/type-fest": {
      "version": "3.0.0",
      "resolved": "https://registry.npmjs.org/type-fest/-/type-fest-3.0.0.tgz",
      "integrity": "sha512-MINvUN5ug9u+0hJDzSZNSnuKXI8M4F5Yvb6SQZ2CYqe7SgKXKOosEcU5R7tRgo85I6eAVBbkVF7TCvB4AUK2xQ==",
      "engines": {
        "node": ">=14.16"
      },
      "funding": {
        "url": "https://github.com/sponsors/sindresorhus"
      }
    }
  }
}
