{
  "name": "example",
  "lockfileVersion": 3,
  "requires": true,
  "packages": {
    "": {
      "dependencies": {
        "scroll-into-view-if-needed": "^1.0.0"
      }
    },
    "node_modules/amator": {
      "version": "1.0.1",
      "resolved": "https://registry.npmjs.org/amator/-/amator-1.0.1.tgz",
      "integrity": "sha512-Ijp/QQCWqEIKI3fUR3vT0nQf3gViyE/juZ2hIpG+5Yh1S4UYI1pnfJXl4Vs5D6R1ycEm/bHnCfjFIq52F5FdVg==",
      "dependencies": {
        "bezier-easing": "^2.0.3"
      }
    },
    "node_modules/bezier-easing": {
      "version": "2.1.0",
      "resolved": "https://registry.npmjs.org/bezier-easing/-/bezier-easing-2.1.0.tgz",
      "integrity": "sha512-gbIqZ/eslnUFC1tjEvtz0sgx+xTK20wDnYMIA27VA04R7w6xxXQPZDbibjA9DTWZRA2CXtwHykkVzlCaAJAZig=="
    },
    "node_modules/scroll-into-view-if-needed": {
      "version": "1.5.0",
      "resolved": "https://registry.npmjs.org/scroll-into-view-if-needed/-/scroll-into-view-if-needed-1.5.0.tgz",
      "integrity": "sha512-6vTXm++xyIDkQ+O+gcmu9rp3NW61SWUdtIRhKh4uYuhcGZgClc1NJSz2C6HRNVIcL4VXIKAaOYq06cwK7Nx9Ag==",
      "dependencies": {
        "amator": "1.0.1"
      }
    }
  }
}
